
Microsoft Visual Studio Solution File, Format Version 12.00
# Visual Studio Version 17
VisualStudioVersion = 17.13.35919.96 d17.13
MinimumVisualStudioVersion = 10.0.40219.1
Project("{FAE04EC0-301F-11D3-BF4B-00C04F79EFBC}") = "Todo-Service", "Todo-Service\Todo-Service.csproj", "{3B023288-6DBF-448F-A08B-FAC7C1C201F2}"
EndProject
Global
	GlobalSection(SolutionConfigurationPlatforms) = preSolution
		Debug|Any CPU = Debug|Any CPU
		Release|Any CPU = Release|Any CPU
	EndGlobalSection
	GlobalSection(ProjectConfigurationPlatforms) = postSolution
		{3B023288-6DBF-448F-A08B-FAC7C1C201F2}.Debug|Any CPU.ActiveCfg = Debug|Any CPU
		{3B023288-6DBF-448F-A08B-FAC7C1C201F2}.Debug|Any CPU.Build.0 = Debug|Any CPU
		{3B023288-6DBF-448F-A08B-FAC7C1C201F2}.Release|Any CPU.ActiveCfg = Release|Any CPU
		{3B023288-6DBF-448F-A08B-FAC7C1C201F2}.Release|Any CPU.Build.0 = Release|Any CPU
	EndGlobalSection
	GlobalSection(SolutionProperties) = preSolution
		HideSolutionNode = FALSE
	EndGlobalSection
	GlobalSection(ExtensibilityGlobals) = postSolution
		SolutionGuid = {7A2042D3-D82D-4A6C-90C8-1F5E0AC39F82}
	EndGlobalSection
EndGlobal
